# This file is autogenerated, do not edit; changes may be undone by the next 'dep ensure'.


[[projects]]
  name = "github.com/aead/siphash"
  packages = ["."]
  revision = "83563a290f60225eb120d724600b9690c3fb536f"
  version = "v1.0.1"

[[projects]]
  name = "github.com/btcsuite/btcd"
  packages = [
    "addrmgr",
    "blockchain",
    "btcec",
    "btcjson",
    "chaincfg",
    "chaincfg/chainhash",
    "connmgr",
    "database",
    "peer",
    "rpcclient",
    "txscript",
    "wire"
  ]
  revision = "f3ec13030e4e828869954472cbc51ac36bee5c1d"
  version = "v0.20.1-beta"

[[projects]]
  branch = "master"
  name = "github.com/btcsuite/btclog"
  packages = ["."]
  revision = "84c8d2346e9fc8c7b947e243b9c24e6df9fd206a"

[[projects]]
  name = "github.com/btcsuite/btcutil"
  packages = [
    ".",
    "base58",
    "bech32",
    "gcs",
    "gcs/builder",
    "hdkeychain"
  ]
  revision = "02a4fd9de1d52e877491996349a92d54c653ccbf"
  version = "v1.0.1"

[[projects]]
  name = "github.com/btcsuite/btcwallet"
  packages = [
    "chain",
    "internal/legacy/keystore",
    "internal/legacy/rename",
    "internal/prompt",
    "internal/zero",
    "snacl",
    "waddrmgr",
    "wallet",
    "wallet/txauthor",
    "wallet/txrules",
    "wallet/txsizes",
    "walletdb",
    "walletdb/migration",
    "wtxmgr"
  ]
  revision = "b19df70dddb66b27902f48cc48e69741909ef2e9"
  version = "v0.11.0"

[[projects]]
  branch = "master"
  name = "github.com/btcsuite/go-socks"
  packages = ["socks"]
  revision = "4720035b7bfd2a9bb130b1c184f8bbe41b6f0d0f"

[[projects]]
  branch = "master"
  name = "github.com/btcsuite/websocket"
  packages = ["."]
  revision = "31079b6807923eb23992c421b114992b95131b55"

[[projects]]
  name = "github.com/davecgh/go-spew"
  packages = ["spew"]
  revision = "8991bc29aa16c548c550c7ff78260e27b9ab7c73"
  version = "v1.1.1"

[[projects]]
  name = "github.com/go-errors/errors"
  packages = ["."]
  revision = "a6af135bd4e28680facf08a3d206b454abc877a4"
  version = "v1.0.1"

[[projects]]
  name = "github.com/jrick/logrotate"
  packages = ["rotator"]
  revision = "a93b200c26cbae3bb09dd0dc2c7c7fe1468a034a"
  version = "v1.0.0"

[[projects]]
  name = "github.com/kkdai/bstream"
  packages = ["."]
  revision = "a8d27c5aa8eedad6b6683069d64b96ece63696db"
  version = "v1.0.0"

[[projects]]
  branch = "master"
  name = "github.com/lightninglabs/gozmq"
  packages = ["."]
  revision = "d20a764486bf506bc045642e455bc7f0d21b232a"

[[projects]]
  name = "github.com/lightninglabs/neutrino"
  packages = [
    ".",
    "banman",
    "blockntfns",
    "cache",
    "cache/lru",
    "chainsync",
    "filterdb",
    "headerfs",
    "headerlist",
    "pushtx",
    "query"
  ]
  revision = "e6008cebf1d97fc49e468d8caa8b6eb13f27cbe1"
  version = "v0.11.0"

[[projects]]
  name = "github.com/lightningnetwork/lnd"
  packages = [
    "brontide",
    "build",
    "feature",
    "input",
    "keychain",
    "lnwallet/chainfee",
    "lnwire",
    "queue",
    "ticker",
    "tlv",
    "tor",
    "watchtower/blob",
    "watchtower/wtwire"
  ]
  revision = "8aead58288bad3c14a4c4098e5eb24f44ddfad91"
  version = "v0.9.1-beta"

[[projects]]
  name = "github.com/miekg/dns"
  packages = ["."]
  revision = "6c0c4e6581f8e173cc562c8b3363ab984e4ae071"
  version = "v1.1.27"

[[projects]]
  branch = "master"
  name = "golang.org/x/crypto"
  packages = [
    "chacha20",
    "chacha20poly1305",
    "ed25519",
    "ed25519/internal/edwards25519",
    "hkdf",
    "internal/subtle",
    "nacl/secretbox",
    "pbkdf2",
    "poly1305",
    "ripemd160",
    "salsa20/salsa",
    "scrypt",
    "ssh/terminal"
  ]
  revision = "78000ba7a073cafc0278790f6bce552a0f25850e"

[[projects]]
  branch = "master"
  name = "golang.org/x/net"
  packages = [
    "bpf",
    "internal/iana",
    "internal/socket",
    "internal/socks",
    "ipv4",
    "ipv6",
    "proxy"
  ]
  revision = "244492dfa37ae2ce87222fd06250a03160745faa"

[[projects]]
  branch = "master"
  name = "golang.org/x/sys"
  packages = [
    "cpu",
    "unix",
    "windows"
  ]
  revision = "5c8b2ff67527cb88b770f693cebf3799036d8bc0"

[[projects]]
  branch = "master"
  name = "golang.org/x/tools"
  packages = [
    "go/ast/astutil",
    "go/gcexportdata",
    "go/internal/gcimporter",
    "go/internal/packagesdriver",
    "go/packages",
    "go/types/typeutil",
    "internal/gocommand",
    "internal/packagesinternal"
  ]
  revision = "11ec41452d41e25c11448deda74041bef7ddeb5f"

[solve-meta]
  analyzer-name = "dep"
  analyzer-version = 1
  inputs-digest = "35b51290bccff2b030a71dd272e13349d883d201b26eda571243fef1334141d7"
  solver-name = "gps-cdcl"
  solver-version = 1
